
Microsoft Visual Studio Solution File, Format Version 12.00
# Visual Studio Version 17
VisualStudioVersion = 17.5.33516.290
MinimumVisualStudioVersion = 10.0.40219.1
Project("{FAE04EC0-301F-11D3-BF4B-00C04F79EFBC}") = "Formularze3a", "Formularze3a\Formularze3a.csproj", "{4ADEB1E5-2723-492B-AC54-29748C9E5D20}"
EndProject
Global
	GlobalSection(SolutionConfigurationPlatforms) = preSolution
		Debug|Any CPU = Debug|Any CPU
		Release|Any CPU = Release|Any CPU
	EndGlobalSection
	GlobalSection(ProjectConfigurationPlatforms) = postSolution
		{4ADEB1E5-2723-492B-AC54-29748C9E5D20}.Debug|Any CPU.ActiveCfg = Debug|Any CPU
		{4ADEB1E5-2723-492B-AC54-29748C9E5D20}.Debug|Any CPU.Build.0 = Debug|Any CPU
		{4ADEB1E5-2723-492B-AC54-29748C9E5D20}.Release|Any CPU.ActiveCfg = Release|Any CPU
		{4ADEB1E5-2723-492B-AC54-29748C9E5D20}.Release|Any CPU.Build.0 = Release|Any CPU
	EndGlobalSection
	GlobalSection(SolutionProperties) = preSolution
		HideSolutionNode = FALSE
	EndGlobalSection
	GlobalSection(ExtensibilityGlobals) = postSolution
		SolutionGuid = {F0978DB3-BDB6-44D7-8634-B8864464D433}
	EndGlobalSection
EndGlobal
